
Microsoft Visual Studio Solution File, Format Version 12.00
# Visual Studio 15
VisualStudioVersion = 15.0.27428.2043
MinimumVisualStudioVersion = 10.0.40219.1
Project("{9A19103F-16F7-4668-BE54-9A1E7A4F7556}") = "CodeTrain", "CodeTrain\CodeTrain.csproj", "{48AADCA2-A3BB-4179-8E97-5A6A43C5ED7F}"
EndProject
Project("{9A19103F-16F7-4668-BE54-9A1E7A4F7556}") = "CodeTrainUnitTest", "..\CodeTrainUnitTest\CodeTrainUnitTest\CodeTrainUnitTest.csproj", "{A283701A-CFE4-475E-87E5-3911D3555D38}"
EndProject
Global
	GlobalSection(SolutionConfigurationPlatforms) = preSolution
		Debug|Any CPU = Debug|Any CPU
		Release|Any CPU = Release|Any CPU
	EndGlobalSection
	GlobalSection(ProjectConfigurationPlatforms) = postSolution
		{48AADCA2-A3BB-4179-8E97-5A6A43C5ED7F}.Debug|Any CPU.ActiveCfg = Debug|Any CPU
		{48AADCA2-A3BB-4179-8E97-5A6A43C5ED7F}.Debug|Any CPU.Build.0 = Debug|Any CPU
		{48AADCA2-A3BB-4179-8E97-5A6A43C5ED7F}.Release|Any CPU.ActiveCfg = Release|Any CPU
		{48AADCA2-A3BB-4179-8E97-5A6A43C5ED7F}.Release|Any CPU.Build.0 = Release|Any CPU
		{A283701A-CFE4-475E-87E5-3911D3555D38}.Debug|Any CPU.ActiveCfg = Debug|Any CPU
		{A283701A-CFE4-475E-87E5-3911D3555D38}.Debug|Any CPU.Build.0 = Debug|Any CPU
		{A283701A-CFE4-475E-87E5-3911D3555D38}.Release|Any CPU.ActiveCfg = Release|Any CPU
		{A283701A-CFE4-475E-87E5-3911D3555D38}.Release|Any CPU.Build.0 = Release|Any CPU
	EndGlobalSection
	GlobalSection(SolutionProperties) = preSolution
		HideSolutionNode = FALSE
	EndGlobalSection
	GlobalSection(ExtensibilityGlobals) = postSolution
		SolutionGuid = {BC1ADE4A-453A-4BCF-BA54-52C3A78732C5}
	EndGlobalSection
EndGlobal
